
Microsoft Visual Studio Solution File, Format Version 12.00
# Visual Studio 15
VisualStudioVersion = 15.0.26124.0
MinimumVisualStudioVersion = 15.0.26124.0
Project("{FAE04EC0-301F-11D3-BF4B-00C04F79EFBC}") = "functional", "functional\functional.csproj", "{E07DD31A-3124-46EC-BCFE-1F3A81B25CD0}"
EndProject
Project("{FAE04EC0-301F-11D3-BF4B-00C04F79EFBC}") = "sample", "sample\sample.csproj", "{3AD88488-90AF-4FFB-8B67-95ABEA55D394}"
EndProject
Project("{2150E333-8FDC-42A3-9474-1A3956D46DE8}") = "samples", "samples", "{11273830-E95F-456A-AF09-F48B8767DF83}"
EndProject
Project("{FAE04EC0-301F-11D3-BF4B-00C04F79EFBC}") = "sampleInfrastructure", "sampleInfrastructure\sampleInfrastructure.csproj", "{AC6BB711-FD37-407C-B7B6-6D2CEE11B53A}"
EndProject
Global
	GlobalSection(SolutionConfigurationPlatforms) = preSolution
		Debug|Any CPU = Debug|Any CPU
		Debug|x64 = Debug|x64
		Debug|x86 = Debug|x86
		Release|Any CPU = Release|Any CPU
		Release|x64 = Release|x64
		Release|x86 = Release|x86
	EndGlobalSection
	GlobalSection(SolutionProperties) = preSolution
		HideSolutionNode = FALSE
	EndGlobalSection
	GlobalSection(ProjectConfigurationPlatforms) = postSolution
		{E07DD31A-3124-46EC-BCFE-1F3A81B25CD0}.Debug|Any CPU.ActiveCfg = Debug|Any CPU
		{E07DD31A-3124-46EC-BCFE-1F3A81B25CD0}.Debug|Any CPU.Build.0 = Debug|Any CPU
		{E07DD31A-3124-46EC-BCFE-1F3A81B25CD0}.Debug|x64.ActiveCfg = Debug|Any CPU
		{E07DD31A-3124-46EC-BCFE-1F3A81B25CD0}.Debug|x64.Build.0 = Debug|Any CPU
		{E07DD31A-3124-46EC-BCFE-1F3A81B25CD0}.Debug|x86.ActiveCfg = Debug|Any CPU
		{E07DD31A-3124-46EC-BCFE-1F3A81B25CD0}.Debug|x86.Build.0 = Debug|Any CPU
		{E07DD31A-3124-46EC-BCFE-1F3A81B25CD0}.Release|Any CPU.ActiveCfg = Release|Any CPU
		{E07DD31A-3124-46EC-BCFE-1F3A81B25CD0}.Release|Any CPU.Build.0 = Release|Any CPU
		{E07DD31A-3124-46EC-BCFE-1F3A81B25CD0}.Release|x64.ActiveCfg = Release|Any CPU
		{E07DD31A-3124-46EC-BCFE-1F3A81B25CD0}.Release|x64.Build.0 = Release|Any CPU
		{E07DD31A-3124-46EC-BCFE-1F3A81B25CD0}.Release|x86.ActiveCfg = Release|Any CPU
		{E07DD31A-3124-46EC-BCFE-1F3A81B25CD0}.Release|x86.Build.0 = Release|Any CPU
		{3AD88488-90AF-4FFB-8B67-95ABEA55D394}.Debug|Any CPU.ActiveCfg = Debug|Any CPU
		{3AD88488-90AF-4FFB-8B67-95ABEA55D394}.Debug|Any CPU.Build.0 = Debug|Any CPU
		{3AD88488-90AF-4FFB-8B67-95ABEA55D394}.Debug|x64.ActiveCfg = Debug|Any CPU
		{3AD88488-90AF-4FFB-8B67-95ABEA55D394}.Debug|x64.Build.0 = Debug|Any CPU
		{3AD88488-90AF-4FFB-8B67-95ABEA55D394}.Debug|x86.ActiveCfg = Debug|Any CPU
		{3AD88488-90AF-4FFB-8B67-95ABEA55D394}.Debug|x86.Build.0 = Debug|Any CPU
		{3AD88488-90AF-4FFB-8B67-95ABEA55D394}.Release|Any CPU.ActiveCfg = Release|Any CPU
		{3AD88488-90AF-4FFB-8B67-95ABEA55D394}.Release|Any CPU.Build.0 = Release|Any CPU
		{3AD88488-90AF-4FFB-8B67-95ABEA55D394}.Release|x64.ActiveCfg = Release|Any CPU
		{3AD88488-90AF-4FFB-8B67-95ABEA55D394}.Release|x64.Build.0 = Release|Any CPU
		{3AD88488-90AF-4FFB-8B67-95ABEA55D394}.Release|x86.ActiveCfg = Release|Any CPU
		{3AD88488-90AF-4FFB-8B67-95ABEA55D394}.Release|x86.Build.0 = Release|Any CPU
		{AC6BB711-FD37-407C-B7B6-6D2CEE11B53A}.Debug|Any CPU.ActiveCfg = Debug|Any CPU
		{AC6BB711-FD37-407C-B7B6-6D2CEE11B53A}.Debug|Any CPU.Build.0 = Debug|Any CPU
		{AC6BB711-FD37-407C-B7B6-6D2CEE11B53A}.Debug|x64.ActiveCfg = Debug|Any CPU
		{AC6BB711-FD37-407C-B7B6-6D2CEE11B53A}.Debug|x64.Build.0 = Debug|Any CPU
		{AC6BB711-FD37-407C-B7B6-6D2CEE11B53A}.Debug|x86.ActiveCfg = Debug|Any CPU
		{AC6BB711-FD37-407C-B7B6-6D2CEE11B53A}.Debug|x86.Build.0 = Debug|Any CPU
		{AC6BB711-FD37-407C-B7B6-6D2CEE11B53A}.Release|Any CPU.ActiveCfg = Release|Any CPU
		{AC6BB711-FD37-407C-B7B6-6D2CEE11B53A}.Release|Any CPU.Build.0 = Release|Any CPU
		{AC6BB711-FD37-407C-B7B6-6D2CEE11B53A}.Release|x64.ActiveCfg = Release|Any CPU
		{AC6BB711-FD37-407C-B7B6-6D2CEE11B53A}.Release|x64.Build.0 = Release|Any CPU
		{AC6BB711-FD37-407C-B7B6-6D2CEE11B53A}.Release|x86.ActiveCfg = Release|Any CPU
		{AC6BB711-FD37-407C-B7B6-6D2CEE11B53A}.Release|x86.Build.0 = Release|Any CPU
	EndGlobalSection
	GlobalSection(NestedProjects) = preSolution
		{3AD88488-90AF-4FFB-8B67-95ABEA55D394} = {11273830-E95F-456A-AF09-F48B8767DF83}
		{AC6BB711-FD37-407C-B7B6-6D2CEE11B53A} = {11273830-E95F-456A-AF09-F48B8767DF83}
	EndGlobalSection
EndGlobal
